// !$*UTF8*$!
{
	archiveVersion = 1;
	classes = {
	};
	objectVersion = 55;
	objects = {

/* Begin PBXBuildFile section */
		260F670006A40AED1DD408AC /* Pods_ExpenseViewer.framework in Frameworks */ = {isa = PBXBuildFile; fileRef = 09F7757AC49FA63BA4842AC8 /* Pods_ExpenseViewer.framework */; };
		3DB4B43C4072A136F7AD3253 /* Pods_ExpenseViewer_ExpenseViewerUITests.framework in Frameworks */ = {isa = PBXBuildFile; fileRef = BD6AE5A8C3DBBAA09D589C07 /* Pods_ExpenseViewer_ExpenseViewerUITests.framework */; };
		8209F646295FFE1F0039620A /* AppDelegate.swift in Sources */ = {isa = PBXBuildFile; fileRef = 8209F645295FFE1F0039620A /* AppDelegate.swift */; };
		8209F648295FFE1F0039620A /* SceneDelegate.swift in Sources */ = {isa = PBXBuildFile; fileRef = 8209F647295FFE1F0039620A /* SceneDelegate.swift */; };
		8209F64A295FFE1F0039620A /* ViewController.swift in Sources */ = {isa = PBXBuildFile; fileRef = 8209F649295FFE1F0039620A /* ViewController.swift */; };
		8209F64D295FFE1F0039620A /* Main.storyboard in Resources */ = {isa = PBXBuildFile; fileRef = 8209F64B295FFE1F0039620A /* Main.storyboard */; };
		8209F64F295FFE220039620A /* Assets.xcassets in Resources */ = {isa = PBXBuildFile; fileRef = 8209F64E295FFE220039620A /* Assets.xcassets */; };
		8209F652295FFE220039620A /* LaunchScreen.storyboard in Resources */ = {isa = PBXBuildFile; fileRef = 8209F650295FFE220039620A /* LaunchScreen.storyboard */; };
		8209F65D295FFE220039620A /* ExpenseViewerTests.swift in Sources */ = {isa = PBXBuildFile; fileRef = 8209F65C295FFE220039620A /* ExpenseViewerTests.swift */; };
		8209F667295FFE220039620A /* ExpenseViewerUITests.swift in Sources */ = {isa = PBXBuildFile; fileRef = 8209F666295FFE220039620A /* ExpenseViewerUITests.swift */; };
		8209F669295FFE220039620A /* ExpenseViewerUITestsLaunchTests.swift in Sources */ = {isa = PBXBuildFile; fileRef = 8209F668295FFE220039620A /* ExpenseViewerUITestsLaunchTests.swift */; };
		8209F677296004160039620A /* DashboardVC.swift in Sources */ = {isa = PBXBuildFile; fileRef = 8209F676296004160039620A /* DashboardVC.swift */; };
		8209F67A296006A90039620A /* Colors.swift in Sources */ = {isa = PBXBuildFile; fileRef = 8209F679296006A90039620A /* Colors.swift */; };
		8209F67D29600E3B0039620A /* TransactionModel.swift in Sources */ = {isa = PBXBuildFile; fileRef = 8209F67C29600E3B0039620A /* TransactionModel.swift */; };
		8209F67F29605D220039620A /* PreviewData.swift in Sources */ = {isa = PBXBuildFile; fileRef = 8209F67E29605D220039620A /* PreviewData.swift */; };
		8209F68329605E790039620A /* Date.swift in Sources */ = {isa = PBXBuildFile; fileRef = 8209F68229605E790039620A /* Date.swift */; };
		8209F68529605FAC0039620A /* Utilities.swift in Sources */ = {isa = PBXBuildFile; fileRef = 8209F68429605FAC0039620A /* Utilities.swift */; };
		8209F687296060170039620A /* String.swift in Sources */ = {isa = PBXBuildFile; fileRef = 8209F686296060170039620A /* String.swift */; };
		8209F68B2960646E0039620A /* TransactionCell.swift in Sources */ = {isa = PBXBuildFile; fileRef = 8209F6892960646E0039620A /* TransactionCell.swift */; };
		8209F68C2960646E0039620A /* TransactionCell.xib in Resources */ = {isa = PBXBuildFile; fileRef = 8209F68A2960646E0039620A /* TransactionCell.xib */; };
		8209F68F296073FF0039620A /* APIManager.swift in Sources */ = {isa = PBXBuildFile; fileRef = 8209F68E296073FF0039620A /* APIManager.swift */; };
		8209F693296157DA0039620A /* UIImageView.swift in Sources */ = {isa = PBXBuildFile; fileRef = 8209F692296157DA0039620A /* UIImageView.swift */; };
		D1E958FA395244FDA297BFE1 /* Pods_ExpenseViewerTests.framework in Frameworks */ = {isa = PBXBuildFile; fileRef = F54CC0F1EF59419BE2EE7066 /* Pods_ExpenseViewerTests.framework */; };
/* End PBXBuildFile section */

/* Begin PBXContainerItemProxy section */
		8209F659295FFE220039620A /* PBXContainerItemProxy */ = {
			isa = PBXContainerItemProxy;
			containerPortal = 8209F63A295FFE1F0039620A /* Project object */;
			proxyType = 1;
			remoteGlobalIDString = 8209F641295FFE1F0039620A;
			remoteInfo = ExpenseViewer;
		};
		8209F663295FFE220039620A /* PBXContainerItemProxy */ = {
			isa = PBXContainerItemProxy;
			containerPortal = 8209F63A295FFE1F0039620A /* Project object */;
			proxyType = 1;
			remoteGlobalIDString = 8209F641295FFE1F0039620A;
			remoteInfo = ExpenseViewer;
		};
/* End PBXContainerItemProxy section */

/* Begin PBXFileReference section */
		09F7757AC49FA63BA4842AC8 /* Pods_ExpenseViewer.framework */ = {isa = PBXFileReference; explicitFileType = wrapper.framework; includeInIndex = 0; path = Pods_ExpenseViewer.framework; sourceTree = BUILT_PRODUCTS_DIR; };
		407D20F825EAA1C354322AF1 /* Pods-ExpenseViewer-ExpenseViewerUITests.release.xcconfig */ = {isa = PBXFileReference; includeInIndex = 1; lastKnownFileType = text.xcconfig; name = "Pods-ExpenseViewer-ExpenseViewerUITests.release.xcconfig"; path = "Target Support Files/Pods-ExpenseViewer-ExpenseViewerUITests/Pods-ExpenseViewer-ExpenseViewerUITests.release.xcconfig"; sourceTree = "<group>"; };
		4B212A961921C8BCA65276CD /* Pods-ExpenseViewerTests.debug.xcconfig */ = {isa = PBXFileReference; includeInIndex = 1; lastKnownFileType = text.xcconfig; name = "Pods-ExpenseViewerTests.debug.xcconfig"; path = "Target Support Files/Pods-ExpenseViewerTests/Pods-ExpenseViewerTests.debug.xcconfig"; sourceTree = "<group>"; };
		8209F642295FFE1F0039620A /* ExpenseViewer.app */ = {isa = PBXFileReference; explicitFileType = wrapper.application; includeInIndex = 0; path = ExpenseViewer.app; sourceTree = BUILT_PRODUCTS_DIR; };
		8209F645295FFE1F0039620A /* AppDelegate.swift */ = {isa = PBXFileReference; lastKnownFileType = sourcecode.swift; path = AppDelegate.swift; sourceTree = "<group>"; };
		8209F647295FFE1F0039620A /* SceneDelegate.swift */ = {isa = PBXFileReference; lastKnownFileType = sourcecode.swift; path = SceneDelegate.swift; sourceTree = "<group>"; };
		8209F649295FFE1F0039620A /* ViewController.swift */ = {isa = PBXFileReference; lastKnownFileType = sourcecode.swift; path = ViewController.swift; sourceTree = "<group>"; };
		8209F64C295FFE1F0039620A /* Base */ = {isa = PBXFileReference; lastKnownFileType = file.storyboard; name = Base; path = Base.lproj/Main.storyboard; sourceTree = "<group>"; };
		8209F64E295FFE220039620A /* Assets.xcassets */ = {isa = PBXFileReference; lastKnownFileType = folder.assetcatalog; path = Assets.xcassets; sourceTree = "<group>"; };
		8209F651295FFE220039620A /* Base */ = {isa = PBXFileReference; lastKnownFileType = file.storyboard; name = Base; path = Base.lproj/LaunchScreen.storyboard; sourceTree = "<group>"; };
		8209F653295FFE220039620A /* Info.plist */ = {isa = PBXFileReference; lastKnownFileType = text.plist.xml; path = Info.plist; sourceTree = "<group>"; };
		8209F658295FFE220039620A /* ExpenseViewerTests.xctest */ = {isa = PBXFileReference; explicitFileType = wrapper.cfbundle; includeInIndex = 0; path = ExpenseViewerTests.xctest; sourceTree = BUILT_PRODUCTS_DIR; };
		8209F65C295FFE220039620A /* ExpenseViewerTests.swift */ = {isa = PBXFileReference; lastKnownFileType = sourcecode.swift; path = ExpenseViewerTests.swift; sourceTree = "<group>"; };
		8209F662295FFE220039620A /* ExpenseViewerUITests.xctest */ = {isa = PBXFileReference; explicitFileType = wrapper.cfbundle; includeInIndex = 0; path = ExpenseViewerUITests.xctest; sourceTree = BUILT_PRODUCTS_DIR; };
		8209F666295FFE220039620A /* ExpenseViewerUITests.swift */ = {isa = PBXFileReference; lastKnownFileType = sourcecode.swift; path = ExpenseViewerUITests.swift; sourceTree = "<group>"; };
		8209F668295FFE220039620A /* ExpenseViewerUITestsLaunchTests.swift */ = {isa = PBXFileReference; lastKnownFileType = sourcecode.swift; path = ExpenseViewerUITestsLaunchTests.swift; sourceTree = "<group>"; };
		8209F676296004160039620A /* DashboardVC.swift */ = {isa = PBXFileReference; lastKnownFileType = sourcecode.swift; path = DashboardVC.swift; sourceTree = "<group>"; };
		8209F679296006A90039620A /* Colors.swift */ = {isa = PBXFileReference; lastKnownFileType = sourcecode.swift; path = Colors.swift; sourceTree = "<group>"; };
		8209F67C29600E3B0039620A /* TransactionModel.swift */ = {isa = PBXFileReference; lastKnownFileType = sourcecode.swift; path = TransactionModel.swift; sourceTree = "<group>"; };
		8209F67E29605D220039620A /* PreviewData.swift */ = {isa = PBXFileReference; lastKnownFileType = sourcecode.swift; path = PreviewData.swift; sourceTree = "<group>"; };
		8209F68229605E790039620A /* Date.swift */ = {isa = PBXFileReference; lastKnownFileType = sourcecode.swift; path = Date.swift; sourceTree = "<group>"; };
		8209F68429605FAC0039620A /* Utilities.swift */ = {isa = PBXFileReference; lastKnownFileType = sourcecode.swift; path = Utilities.swift; sourceTree = "<group>"; };
		8209F686296060170039620A /* String.swift */ = {isa = PBXFileReference; lastKnownFileType = sourcecode.swift; path = String.swift; sourceTree = "<group>"; };
		8209F6892960646E0039620A /* TransactionCell.swift */ = {isa = PBXFileReference; lastKnownFileType = sourcecode.swift; path = TransactionCell.swift; sourceTree = "<group>"; };
		8209F68A2960646E0039620A /* TransactionCell.xib */ = {isa = PBXFileReference; lastKnownFileType = file.xib; path = TransactionCell.xib; sourceTree = "<group>"; };
		8209F68E296073FF0039620A /* APIManager.swift */ = {isa = PBXFileReference; lastKnownFileType = sourcecode.swift; path = APIManager.swift; sourceTree = "<group>"; };
		8209F692296157DA0039620A /* UIImageView.swift */ = {isa = PBXFileReference; lastKnownFileType = sourcecode.swift; path = UIImageView.swift; sourceTree = "<group>"; };
		9D8DFD69EA75DA1C8E6A880F /* Pods-ExpenseViewerTests.release.xcconfig */ = {isa = PBXFileReference; includeInIndex = 1; lastKnownFileType = text.xcconfig; name = "Pods-ExpenseViewerTests.release.xcconfig"; path = "Target Support Files/Pods-ExpenseViewerTests/Pods-ExpenseViewerTests.release.xcconfig"; sourceTree = "<group>"; };
		A5D5CB59DF7272660D694B97 /* Pods-ExpenseViewer.release.xcconfig */ = {isa = PBXFileReference; includeInIndex = 1; lastKnownFileType = text.xcconfig; name = "Pods-ExpenseViewer.release.xcconfig"; path = "Target Support Files/Pods-ExpenseViewer/Pods-ExpenseViewer.release.xcconfig"; sourceTree = "<group>"; };
		B785AB02C0C5774ED83DA9A9 /* Pods-ExpenseViewer.debug.xcconfig */ = {isa = PBXFileReference; includeInIndex = 1; lastKnownFileType = text.xcconfig; name = "Pods-ExpenseViewer.debug.xcconfig"; path = "Target Support Files/Pods-ExpenseViewer/Pods-ExpenseViewer.debug.xcconfig"; sourceTree = "<group>"; };
		BD6AE5A8C3DBBAA09D589C07 /* Pods_ExpenseViewer_ExpenseViewerUITests.framework */ = {isa = PBXFileReference; explicitFileType = wrapper.framework; includeInIndex = 0; path = Pods_ExpenseViewer_ExpenseViewerUITests.framework; sourceTree = BUILT_PRODUCTS_DIR; };
		BFCDEDC677A03DCD7BCAEFC4 /* Pods-ExpenseViewer-ExpenseViewerUITests.debug.xcconfig */ = {isa = PBXFileReference; includeInIndex = 1; lastKnownFileType = text.xcconfig; name = "Pods-ExpenseViewer-ExpenseViewerUITests.debug.xcconfig"; path = "Target Support Files/Pods-ExpenseViewer-ExpenseViewerUITests/Pods-ExpenseViewer-ExpenseViewerUITests.debug.xcconfig"; sourceTree = "<group>"; };
		F54CC0F1EF59419BE2EE7066 /* Pods_ExpenseViewerTests.framework */ = {isa = PBXFileReference; explicitFileType = wrapper.framework; includeInIndex = 0; path = Pods_ExpenseViewerTests.framework; sourceTree = BUILT_PRODUCTS_DIR; };
/* End PBXFileReference section */

/* Begin PBXFrameworksBuildPhase section */
		8209F63F295FFE1F0039620A /* Frameworks */ = {
			isa = PBXFrameworksBuildPhase;
			buildActionMask = 2147483647;
			files = (
				260F670006A40AED1DD408AC /* Pods_ExpenseViewer.framework in Frameworks */,
			);
			runOnlyForDeploymentPostprocessing = 0;
		};
		8209F655295FFE220039620A /* Frameworks */ = {
			isa = PBXFrameworksBuildPhase;
			buildActionMask = 2147483647;
			files = (
				D1E958FA395244FDA297BFE1 /* Pods_ExpenseViewerTests.framework in Frameworks */,
			);
			runOnlyForDeploymentPostprocessing = 0;
		};
		8209F65F295FFE220039620A /* Frameworks */ = {
			isa = PBXFrameworksBuildPhase;
			buildActionMask = 2147483647;
			files = (
				3DB4B43C4072A136F7AD3253 /* Pods_ExpenseViewer_ExpenseViewerUITests.framework in Frameworks */,
			);
			runOnlyForDeploymentPostprocessing = 0;
		};
/* End PBXFrameworksBuildPhase section */

/* Begin PBXGroup section */
		35FCE6DF269E7F219251BB44 /* Pods */ = {
			isa = PBXGroup;
			children = (
				B785AB02C0C5774ED83DA9A9 /* Pods-ExpenseViewer.debug.xcconfig */,
				A5D5CB59DF7272660D694B97 /* Pods-ExpenseViewer.release.xcconfig */,
				BFCDEDC677A03DCD7BCAEFC4 /* Pods-ExpenseViewer-ExpenseViewerUITests.debug.xcconfig */,
				407D20F825EAA1C354322AF1 /* Pods-ExpenseViewer-ExpenseViewerUITests.release.xcconfig */,
				4B212A961921C8BCA65276CD /* Pods-ExpenseViewerTests.debug.xcconfig */,
				9D8DFD69EA75DA1C8E6A880F /* Pods-ExpenseViewerTests.release.xcconfig */,
			);
			path = Pods;
			sourceTree = "<group>";
		};
		8209F639295FFE1F0039620A = {
			isa = PBXGroup;
			children = (
				8209F644295FFE1F0039620A /* ExpenseViewer */,
				8209F65B295FFE220039620A /* ExpenseViewerTests */,
				8209F665295FFE220039620A /* ExpenseViewerUITests */,
				8209F643295FFE1F0039620A /* Products */,
				35FCE6DF269E7F219251BB44 /* Pods */,
				AA7683EFEEB90D3FC920EF88 /* Frameworks */,
			);
			sourceTree = "<group>";
		};
		8209F643295FFE1F0039620A /* Products */ = {
			isa = PBXGroup;
			children = (
				8209F642295FFE1F0039620A /* ExpenseViewer.app */,
				8209F658295FFE220039620A /* ExpenseViewerTests.xctest */,
				8209F662295FFE220039620A /* ExpenseViewerUITests.xctest */,
			);
			name = Products;
			sourceTree = "<group>";
		};
		8209F644295FFE1F0039620A /* ExpenseViewer */ = {
			isa = PBXGroup;
			children = (
				8209F68D296073DF0039620A /* Network */,
				8209F688296064430039620A /* Cells */,
				8209F67B29600E260039620A /* Model */,
				8209F678296006900039620A /* Extensions */,
				8209F675296003EA0039620A /* ViewController */,
				8209F645295FFE1F0039620A /* AppDelegate.swift */,
				8209F647295FFE1F0039620A /* SceneDelegate.swift */,
				8209F64B295FFE1F0039620A /* Main.storyboard */,
				8209F64E295FFE220039620A /* Assets.xcassets */,
				8209F650295FFE220039620A /* LaunchScreen.storyboard */,
				8209F653295FFE220039620A /* Info.plist */,
			);
			path = ExpenseViewer;
			sourceTree = "<group>";
		};
		8209F65B295FFE220039620A /* ExpenseViewerTests */ = {
			isa = PBXGroup;
			children = (
				8209F65C295FFE220039620A /* ExpenseViewerTests.swift */,
			);
			path = ExpenseViewerTests;
			sourceTree = "<group>";
		};
		8209F665295FFE220039620A /* ExpenseViewerUITests */ = {
			isa = PBXGroup;
			children = (
				8209F666295FFE220039620A /* ExpenseViewerUITests.swift */,
				8209F668295FFE220039620A /* ExpenseViewerUITestsLaunchTests.swift */,
			);
			path = ExpenseViewerUITests;
			sourceTree = "<group>";
		};
		8209F675296003EA0039620A /* ViewController */ = {
			isa = PBXGroup;
			children = (
				8209F649295FFE1F0039620A /* ViewController.swift */,
				8209F676296004160039620A /* DashboardVC.swift */,
			);
			path = ViewController;
			sourceTree = "<group>";
		};
		8209F678296006900039620A /* Extensions */ = {
			isa = PBXGroup;
			children = (
				8209F679296006A90039620A /* Colors.swift */,
				8209F68229605E790039620A /* Date.swift */,
				8209F68429605FAC0039620A /* Utilities.swift */,
				8209F686296060170039620A /* String.swift */,
				8209F692296157DA0039620A /* UIImageView.swift */,
			);
			path = Extensions;
			sourceTree = "<group>";
		};
		8209F67B29600E260039620A /* Model */ = {
			isa = PBXGroup;
			children = (
				8209F67C29600E3B0039620A /* TransactionModel.swift */,
				8209F67E29605D220039620A /* PreviewData.swift */,
			);
			path = Model;
			sourceTree = "<group>";
		};
		8209F688296064430039620A /* Cells */ = {
			isa = PBXGroup;
			children = (
				8209F6892960646E0039620A /* TransactionCell.swift */,
				8209F68A2960646E0039620A /* TransactionCell.xib */,
			);
			path = Cells;
			sourceTree = "<group>";
		};
		8209F68D296073DF0039620A /* Network */ = {
			isa = PBXGroup;
			children = (
				8209F68E296073FF0039620A /* APIManager.swift */,
			);
			path = Network;
			sourceTree = "<group>";
		};
		AA7683EFEEB90D3FC920EF88 /* Frameworks */ = {
			isa = PBXGroup;
			children = (
				09F7757AC49FA63BA4842AC8 /* Pods_ExpenseViewer.framework */,
				BD6AE5A8C3DBBAA09D589C07 /* Pods_ExpenseViewer_ExpenseViewerUITests.framework */,
				F54CC0F1EF59419BE2EE7066 /* Pods_ExpenseViewerTests.framework */,
			);
			name = Frameworks;
			sourceTree = "<group>";
		};
/* End PBXGroup section */

/* Begin PBXNativeTarget section */
		8209F641295FFE1F0039620A /* ExpenseViewer */ = {
			isa = PBXNativeTarget;
			buildConfigurationList = 8209F66C295FFE220039620A /* Build configuration list for PBXNativeTarget "ExpenseViewer" */;
			buildPhases = (
				BE489EC3EB6CC36279B00DA2 /* [CP] Check Pods Manifest.lock */,
				8209F63E295FFE1F0039620A /* Sources */,
				8209F63F295FFE1F0039620A /* Frameworks */,
				8209F640295FFE1F0039620A /* Resources */,
				F62F1130C0EA31D8463E5D4F /* [CP] Embed Pods Frameworks */,
			);
			buildRules = (
			);
			dependencies = (
			);
			name = ExpenseViewer;
			productName = ExpenseViewer;
			productReference = 8209F642295FFE1F0039620A /* ExpenseViewer.app */;
			productType = "com.apple.product-type.application";
		};
		8209F657295FFE220039620A /* ExpenseViewerTests */ = {
			isa = PBXNativeTarget;
			buildConfigurationList = 8209F66F295FFE220039620A /* Build configuration list for PBXNativeTarget "ExpenseViewerTests" */;
			buildPhases = (
				C4345C4708076DF79E1859D1 /* [CP] Check Pods Manifest.lock */,
				8209F654295FFE220039620A /* Sources */,
				8209F655295FFE220039620A /* Frameworks */,
				8209F656295FFE220039620A /* Resources */,
			);
			buildRules = (
			);
			dependencies = (
				8209F65A295FFE220039620A /* PBXTargetDependency */,
			);
			name = ExpenseViewerTests;
			productName = ExpenseViewerTests;
			productReference = 8209F658295FFE220039620A /* ExpenseViewerTests.xctest */;
			productType = "com.apple.product-type.bundle.unit-test";
		};
		8209F661295FFE220039620A /* ExpenseViewerUITests */ = {
			isa = PBXNativeTarget;
			buildConfigurationList = 8209F672295FFE220039620A /* Build configuration list for PBXNativeTarget "ExpenseViewerUITests" */;
			buildPhases = (
				24FA3288D4E2C0AE1E919BED /* [CP] Check Pods Manifest.lock */,
				8209F65E295FFE220039620A /* Sources */,
				8209F65F295FFE220039620A /* Frameworks */,
				8209F660295FFE220039620A /* Resources */,
				CEDE8B922DF81C36C7BE094A /* [CP] Embed Pods Frameworks */,
			);
			buildRules = (
			);
			dependencies = (
				8209F664295FFE220039620A /* PBXTargetDependency */,
			);
			name = ExpenseViewerUITests;
			productName = ExpenseViewerUITests;
			productReference = 8209F662295FFE220039620A /* ExpenseViewerUITests.xctest */;
			productType = "com.apple.product-type.bundle.ui-testing";
		};
/* End PBXNativeTarget section */

/* Begin PBXProject section */
		8209F63A295FFE1F0039620A /* Project object */ = {
			isa = PBXProject;
			attributes = {
				BuildIndependentTargetsInParallel = 1;
				LastSwiftUpdateCheck = 1340;
				LastUpgradeCheck = 1340;
				TargetAttributes = {
					8209F641295FFE1F0039620A = {
						CreatedOnToolsVersion = 13.4.1;
					};
					8209F657295FFE220039620A = {
						CreatedOnToolsVersion = 13.4.1;
						TestTargetID = 8209F641295FFE1F0039620A;
					};
					8209F661295FFE220039620A = {
						CreatedOnToolsVersion = 13.4.1;
						TestTargetID = 8209F641295FFE1F0039620A;
					};
				};
			};
			buildConfigurationList = 8209F63D295FFE1F0039620A /* Build configuration list for PBXProject "ExpenseViewer" */;
			compatibilityVersion = "Xcode 13.0";
			developmentRegion = en;
			hasScannedForEncodings = 0;
			knownRegions = (
				en,
				Base,
			);
			mainGroup = 8209F639295FFE1F0039620A;
			productRefGroup = 8209F643295FFE1F0039620A /* Products */;
			projectDirPath = "";
			projectRoot = "";
			targets = (
				8209F641295FFE1F0039620A /* ExpenseViewer */,
				8209F657295FFE220039620A /* ExpenseViewerTests */,
				8209F661295FFE220039620A /* ExpenseViewerUITests */,
			);
		};
/* End PBXProject section */

/* Begin PBXResourcesBuildPhase section */
		8209F640295FFE1F0039620A /* Resources */ = {
			isa = PBXResourcesBuildPhase;
			buildActionMask = 2147483647;
			files = (
				8209F652295FFE220039620A /* LaunchScreen.storyboard in Resources */,
				8209F64F295FFE220039620A /* Assets.xcassets in Resources */,
				8209F68C2960646E0039620A /* TransactionCell.xib in Resources */,
				8209F64D295FFE1F0039620A /* Main.storyboard in Resources */,
			);
			runOnlyForDeploymentPostprocessing = 0;
		};
		8209F656295FFE220039620A /* Resources */ = {
			isa = PBXResourcesBuildPhase;
			buildActionMask = 2147483647;
			files = (
			);
			runOnlyForDeploymentPostprocessing = 0;
		};
		8209F660295FFE220039620A /* Resources */ = {
			isa = PBXResourcesBuildPhase;
			buildActionMask = 2147483647;
			files = (
			);
			runOnlyForDeploymentPostprocessing = 0;
		};
/* End PBXResourcesBuildPhase section */

/* Begin PBXShellScriptBuildPhase section */
		24FA3288D4E2C0AE1E919BED /* [CP] Check Pods Manifest.lock */ = {
			isa = PBXShellScriptBuildPhase;
			buildActionMask = 2147483647;
			files = (
			);
			inputFileListPaths = (
			);
			inputPaths = (
				"${PODS_PODFILE_DIR_PATH}/Podfile.lock",
				"${PODS_ROOT}/Manifest.lock",
			);
			name = "[CP] Check Pods Manifest.lock";
			outputFileListPaths = (
			);
			outputPaths = (
				"$(DERIVED_FILE_DIR)/Pods-ExpenseViewer-ExpenseViewerUITests-checkManifestLockResult.txt",
			);
			runOnlyForDeploymentPostprocessing = 0;
			shellPath = /bin/sh;
			shellScript = "diff \"${PODS_PODFILE_DIR_PATH}/Podfile.lock\" \"${PODS_ROOT}/Manifest.lock\" > /dev/null\nif [ $? != 0 ] ; then\n    # print error to STDERR\n    echo \"error: The sandbox is not in sync with the Podfile.lock. Run 'pod install' or update your CocoaPods installation.\" >&2\n    exit 1\nfi\n# This output is used by Xcode 'outputs' to avoid re-running this script phase.\necho \"SUCCESS\" > \"${SCRIPT_OUTPUT_FILE_0}\"\n";
			showEnvVarsInLog = 0;
		};
		BE489EC3EB6CC36279B00DA2 /* [CP] Check Pods Manifest.lock */ = {
			isa = PBXShellScriptBuildPhase;
			buildActionMask = 2147483647;
			files = (
			);
			inputFileListPaths = (
			);
			inputPaths = (
				"${PODS_PODFILE_DIR_PATH}/Podfile.lock",
				"${PODS_ROOT}/Manifest.lock",
			);
			name = "[CP] Check Pods Manifest.lock";
			outputFileListPaths = (
			);
			outputPaths = (
				"$(DERIVED_FILE_DIR)/Pods-ExpenseViewer-checkManifestLockResult.txt",
			);
			runOnlyForDeploymentPostprocessing = 0;
			shellPath = /bin/sh;
			shellScript = "diff \"${PODS_PODFILE_DIR_PATH}/Podfile.lock\" \"${PODS_ROOT}/Manifest.lock\" > /dev/null\nif [ $? != 0 ] ; then\n    # print error to STDERR\n    echo \"error: The sandbox is not in sync with the Podfile.lock. Run 'pod install' or update your CocoaPods installation.\" >&2\n    exit 1\nfi\n# This output is used by Xcode 'outputs' to avoid re-running this script phase.\necho \"SUCCESS\" > \"${SCRIPT_OUTPUT_FILE_0}\"\n";
			showEnvVarsInLog = 0;
		};
		C4345C4708076DF79E1859D1 /* [CP] Check Pods Manifest.lock */ = {
			isa = PBXShellScriptBuildPhase;
			buildActionMask = 2147483647;
			files = (
			);
			inputFileListPaths = (
			);
			inputPaths = (
				"${PODS_PODFILE_DIR_PATH}/Podfile.lock",
				"${PODS_ROOT}/Manifest.lock",
			);
			name = "[CP] Check Pods Manifest.lock";
			outputFileListPaths = (
			);
			outputPaths = (
				"$(DERIVED_FILE_DIR)/Pods-ExpenseViewerTests-checkManifestLockResult.txt",
			);
			runOnlyForDeploymentPostprocessing = 0;
			shellPath = /bin/sh;
			shellScript = "diff \"${PODS_PODFILE_DIR_PATH}/Podfile.lock\" \"${PODS_ROOT}/Manifest.lock\" > /dev/null\nif [ $? != 0 ] ; then\n    # print error to STDERR\n    echo \"error: The sandbox is not in sync with the Podfile.lock. Run 'pod install' or update your CocoaPods installation.\" >&2\n    exit 1\nfi\n# This output is used by Xcode 'outputs' to avoid re-running this script phase.\necho \"SUCCESS\" > \"${SCRIPT_OUTPUT_FILE_0}\"\n";
			showEnvVarsInLog = 0;
		};
		CEDE8B922DF81C36C7BE094A /* [CP] Embed Pods Frameworks */ = {
			isa = PBXShellScriptBuildPhase;
			buildActionMask = 2147483647;
			files = (
			);
			inputFileListPaths = (
				"${PODS_ROOT}/Target Support Files/Pods-ExpenseViewer-ExpenseViewerUITests/Pods-ExpenseViewer-ExpenseViewerUITests-frameworks-${CONFIGURATION}-input-files.xcfilelist",
			);
			name = "[CP] Embed Pods Frameworks";
			outputFileListPaths = (
				"${PODS_ROOT}/Target Support Files/Pods-ExpenseViewer-ExpenseViewerUITests/Pods-ExpenseViewer-ExpenseViewerUITests-frameworks-${CONFIGURATION}-output-files.xcfilelist",
			);
			runOnlyForDeploymentPostprocessing = 0;
			shellPath = /bin/sh;
			shellScript = "\"${PODS_ROOT}/Target Support Files/Pods-ExpenseViewer-ExpenseViewerUITests/Pods-ExpenseViewer-ExpenseViewerUITests-frameworks.sh\"\n";
			showEnvVarsInLog = 0;
		};
		F62F1130C0EA31D8463E5D4F /* [CP] Embed Pods Frameworks */ = {
			isa = PBXShellScriptBuildPhase;
			buildActionMask = 2147483647;
			files = (
			);
			inputFileListPaths = (
				"${PODS_ROOT}/Target Support Files/Pods-ExpenseViewer/Pods-ExpenseViewer-frameworks-${CONFIGURATION}-input-files.xcfilelist",
			);
			name = "[CP] Embed Pods Frameworks";
			outputFileListPaths = (
				"${PODS_ROOT}/Target Support Files/Pods-ExpenseViewer/Pods-ExpenseViewer-frameworks-${CONFIGURATION}-output-files.xcfilelist",
			);
			runOnlyForDeploymentPostprocessing = 0;
			shellPath = /bin/sh;
			shellScript = "\"${PODS_ROOT}/Target Support Files/Pods-ExpenseViewer/Pods-ExpenseViewer-frameworks.sh\"\n";
			showEnvVarsInLog = 0;
		};
/* End PBXShellScriptBuildPhase section */

/* Begin PBXSourcesBuildPhase section */
		8209F63E295FFE1F0039620A /* Sources */ = {
			isa = PBXSourcesBuildPhase;
			buildActionMask = 2147483647;
			files = (
				8209F68F296073FF0039620A /* APIManager.swift in Sources */,
				8209F67D29600E3B0039620A /* TransactionModel.swift in Sources */,
				8209F68B2960646E0039620A /* TransactionCell.swift in Sources */,
				8209F693296157DA0039620A /* UIImageView.swift in Sources */,
				8209F64A295FFE1F0039620A /* ViewController.swift in Sources */,
				8209F687296060170039620A /* String.swift in Sources */,
				8209F67A296006A90039620A /* Colors.swift in Sources */,
				8209F68329605E790039620A /* Date.swift in Sources */,
				8209F677296004160039620A /* DashboardVC.swift in Sources */,
				8209F67F29605D220039620A /* PreviewData.swift in Sources */,
				8209F68529605FAC0039620A /* Utilities.swift in Sources */,
				8209F646295FFE1F0039620A /* AppDelegate.swift in Sources */,
				8209F648295FFE1F0039620A /* SceneDelegate.swift in Sources */,
			);
			runOnlyForDeploymentPostprocessing = 0;
		};
		8209F654295FFE220039620A /* Sources */ = {
			isa = PBXSourcesBuildPhase;
			buildActionMask = 2147483647;
			files = (
				8209F65D295FFE220039620A /* ExpenseViewerTests.swift in Sources */,
			);
			runOnlyForDeploymentPostprocessing = 0;
		};
		8209F65E295FFE220039620A /* Sources */ = {
			isa = PBXSourcesBuildPhase;
			buildActionMask = 2147483647;
			files = (
				8209F667295FFE220039620A /* ExpenseViewerUITests.swift in Sources */,
				8209F669295FFE220039620A /* ExpenseViewerUITestsLaunchTests.swift in Sources */,
			);
			runOnlyForDeploymentPostprocessing = 0;
		};
/* End PBXSourcesBuildPhase section */

/* Begin PBXTargetDependency section */
		8209F65A295FFE220039620A /* PBXTargetDependency */ = {
			isa = PBXTargetDependency;
			target = 8209F641295FFE1F0039620A /* ExpenseViewer */;
			targetProxy = 8209F659295FFE220039620A /* PBXContainerItemProxy */;
		};
		8209F664295FFE220039620A /* PBXTargetDependency */ = {
			isa = PBXTargetDependency;
			target = 8209F641295FFE1F0039620A /* ExpenseViewer */;
			targetProxy = 8209F663295FFE220039620A /* PBXContainerItemProxy */;
		};
/* End PBXTargetDependency section */

/* Begin PBXVariantGroup section */
		8209F64B295FFE1F0039620A /* Main.storyboard */ = {
			isa = PBXVariantGroup;
			children = (
				8209F64C295FFE1F0039620A /* Base */,
			);
			name = Main.storyboard;
			sourceTree = "<group>";
		};
		8209F650295FFE220039620A /* LaunchScreen.storyboard */ = {
			isa = PBXVariantGroup;
			children = (
				8209F651295FFE220039620A /* Base */,
			);
			name = LaunchScreen.storyboard;
			sourceTree = "<group>";
		};
/* End PBXVariantGroup section */

/* Begin XCBuildConfiguration section */
		8209F66A295FFE220039620A /* Debug */ = {
			isa = XCBuildConfiguration;
			buildSettings = {
				ALWAYS_SEARCH_USER_PATHS = NO;
				CLANG_ANALYZER_NONNULL = YES;
				CLANG_ANALYZER_NUMBER_OBJECT_CONVERSION = YES_AGGRESSIVE;
				CLANG_CXX_LANGUAGE_STANDARD = "gnu++17";
				CLANG_ENABLE_MODULES = YES;
				CLANG_ENABLE_OBJC_ARC = YES;
				CLANG_ENABLE_OBJC_WEAK = YES;
				CLANG_WARN_BLOCK_CAPTURE_AUTORELEASING = YES;
				CLANG_WARN_BOOL_CONVERSION = YES;
				CLANG_WARN_COMMA = YES;
				CLANG_WARN_CONSTANT_CONVERSION = YES;
				CLANG_WARN_DEPRECATED_OBJC_IMPLEMENTATIONS = YES;
				CLANG_WARN_DIRECT_OBJC_ISA_USAGE = YES_ERROR;
				CLANG_WARN_DOCUMENTATION_COMMENTS = YES;
				CLANG_WARN_EMPTY_BODY = YES;
				CLANG_WARN_ENUM_CONVERSION = YES;
				CLANG_WARN_INFINITE_RECURSION = YES;
				CLANG_WARN_INT_CONVERSION = YES;
				CLANG_WARN_NON_LITERAL_NULL_CONVERSION = YES;
				CLANG_WARN_OBJC_IMPLICIT_RETAIN_SELF = YES;
				CLANG_WARN_OBJC_LITERAL_CONVERSION = YES;
				CLANG_WARN_OBJC_ROOT_CLASS = YES_ERROR;
				CLANG_WARN_QUOTED_INCLUDE_IN_FRAMEWORK_HEADER = YES;
				CLANG_WARN_RANGE_LOOP_ANALYSIS = YES;
				CLANG_WARN_STRICT_PROTOTYPES = YES;
				CLANG_WARN_SUSPICIOUS_MOVE = YES;
				CLANG_WARN_UNGUARDED_AVAILABILITY = YES_AGGRESSIVE;
				CLANG_WARN_UNREACHABLE_CODE = YES;
				CLANG_WARN__DUPLICATE_METHOD_MATCH = YES;
				COPY_PHASE_STRIP = NO;
				DEBUG_INFORMATION_FORMAT = dwarf;
				ENABLE_STRICT_OBJC_MSGSEND = YES;
				ENABLE_TESTABILITY = YES;
				GCC_C_LANGUAGE_STANDARD = gnu11;
				GCC_DYNAMIC_NO_PIC = NO;
				GCC_NO_COMMON_BLOCKS = YES;
				GCC_OPTIMIZATION_LEVEL = 0;
				GCC_PREPROCESSOR_DEFINITIONS = (
					"DEBUG=1",
					"$(inherited)",
				);
				GCC_WARN_64_TO_32_BIT_CONVERSION = YES;
				GCC_WARN_ABOUT_RETURN_TYPE = YES_ERROR;
				GCC_WARN_UNDECLARED_SELECTOR = YES;
				GCC_WARN_UNINITIALIZED_AUTOS = YES_AGGRESSIVE;
				GCC_WARN_UNUSED_FUNCTION = YES;
				GCC_WARN_UNUSED_VARIABLE = YES;
				IPHONEOS_DEPLOYMENT_TARGET = 15.5;
				MTL_ENABLE_DEBUG_INFO = INCLUDE_SOURCE;
				MTL_FAST_MATH = YES;
				ONLY_ACTIVE_ARCH = YES;
				SDKROOT = iphoneos;
				SWIFT_ACTIVE_COMPILATION_CONDITIONS = DEBUG;
				SWIFT_OPTIMIZATION_LEVEL = "-Onone";
			};
			name = Debug;
		};
		8209F66B295FFE220039620A /* Release */ = {
			isa = XCBuildConfiguration;
			buildSettings = {
				ALWAYS_SEARCH_USER_PATHS = NO;
				CLANG_ANALYZER_NONNULL = YES;
				CLANG_ANALYZER_NUMBER_OBJECT_CONVERSION = YES_AGGRESSIVE;
				CLANG_CXX_LANGUAGE_STANDARD = "gnu++17";
				CLANG_ENABLE_MODULES = YES;
				CLANG_ENABLE_OBJC_ARC = YES;
				CLANG_ENABLE_OBJC_WEAK = YES;
				CLANG_WARN_BLOCK_CAPTURE_AUTORELEASING = YES;
				CLANG_WARN_BOOL_CONVERSION = YES;
				CLANG_WARN_COMMA = YES;
				CLANG_WARN_CONSTANT_CONVERSION = YES;
				CLANG_WARN_DEPRECATED_OBJC_IMPLEMENTATIONS = YES;
				CLANG_WARN_DIRECT_OBJC_ISA_USAGE = YES_ERROR;
				CLANG_WARN_DOCUMENTATION_COMMENTS = YES;
				CLANG_WARN_EMPTY_BODY = YES;
				CLANG_WARN_ENUM_CONVERSION = YES;
				CLANG_WARN_INFINITE_RECURSION = YES;
				CLANG_WARN_INT_CONVERSION = YES;
				CLANG_WARN_NON_LITERAL_NULL_CONVERSION = YES;
				CLANG_WARN_OBJC_IMPLICIT_RETAIN_SELF = YES;
				CLANG_WARN_OBJC_LITERAL_CONVERSION = YES;
				CLANG_WARN_OBJC_ROOT_CLASS = YES_ERROR;
				CLANG_WARN_QUOTED_INCLUDE_IN_FRAMEWORK_HEADER = YES;
				CLANG_WARN_RANGE_LOOP_ANALYSIS = YES;
				CLANG_WARN_STRICT_PROTOTYPES = YES;
				CLANG_WARN_SUSPICIOUS_MOVE = YES;
				CLANG_WARN_UNGUARDED_AVAILABILITY = YES_AGGRESSIVE;
				CLANG_WARN_UNREACHABLE_CODE = YES;
				CLANG_WARN__DUPLICATE_METHOD_MATCH = YES;
				COPY_PHASE_STRIP = NO;
				DEBUG_INFORMATION_FORMAT = "dwarf-with-dsym";
				ENABLE_NS_ASSERTIONS = NO;
				ENABLE_STRICT_OBJC_MSGSEND = YES;
				GCC_C_LANGUAGE_STANDARD = gnu11;
				GCC_NO_COMMON_BLOCKS = YES;
				GCC_WARN_64_TO_32_BIT_CONVERSION = YES;
				GCC_WARN_ABOUT_RETURN_TYPE = YES_ERROR;
				GCC_WARN_UNDECLARED_SELECTOR = YES;
				GCC_WARN_UNINITIALIZED_AUTOS = YES_AGGRESSIVE;
				GCC_WARN_UNUSED_FUNCTION = YES;
				GCC_WARN_UNUSED_VARIABLE = YES;
				IPHONEOS_DEPLOYMENT_TARGET = 15.5;
				MTL_ENABLE_DEBUG_INFO = NO;
				MTL_FAST_MATH = YES;
				SDKROOT = iphoneos;
				SWIFT_COMPILATION_MODE = wholemodule;
				SWIFT_OPTIMIZATION_LEVEL = "-O";
				VALIDATE_PRODUCT = YES;
			};
			name = Release;
		};
		8209F66D295FFE220039620A /* Debug */ = {
			isa = XCBuildConfiguration;
			baseConfigurationReference = B785AB02C0C5774ED83DA9A9 /* Pods-ExpenseViewer.debug.xcconfig */;
			buildSettings = {
				ASSETCATALOG_COMPILER_APPICON_NAME = AppIcon;
				ASSETCATALOG_COMPILER_GLOBAL_ACCENT_COLOR_NAME = AccentColor;
				CODE_SIGN_STYLE = Automatic;
				CURRENT_PROJECT_VERSION = 1;
				DEVELOPMENT_TEAM = Q6GN2Y59NL;
				GENERATE_INFOPLIST_FILE = YES;
				INFOPLIST_FILE = ExpenseViewer/Info.plist;
				INFOPLIST_KEY_UIApplicationSupportsIndirectInputEvents = YES;
				INFOPLIST_KEY_UILaunchStoryboardName = LaunchScreen;
				INFOPLIST_KEY_UIMainStoryboardFile = Main;
				INFOPLIST_KEY_UISupportedInterfaceOrientations_iPad = "UIInterfaceOrientationPortrait UIInterfaceOrientationPortraitUpsideDown UIInterfaceOrientationLandscapeLeft UIInterfaceOrientationLandscapeRight";
				INFOPLIST_KEY_UISupportedInterfaceOrientations_iPhone = "UIInterfaceOrientationPortrait UIInterfaceOrientationLandscapeLeft UIInterfaceOrientationLandscapeRight";
				LD_RUNPATH_SEARCH_PATHS = (
					"$(inherited)",
					"@executable_path/Frameworks",
				);
				MARKETING_VERSION = 1.0;
				PRODUCT_BUNDLE_IDENTIFIER = com.example.ExpenseViewer;
				PRODUCT_NAME = "$(TARGET_NAME)";
				SWIFT_EMIT_LOC_STRINGS = YES;
				SWIFT_VERSION = 5.0;
				TARGETED_DEVICE_FAMILY = "1,2";
			};
			name = Debug;
		};
		8209F66E295FFE220039620A /* Release */ = {
			isa = XCBuildConfiguration;
			baseConfigurationReference = A5D5CB59DF7272660D694B97 /* Pods-ExpenseViewer.release.xcconfig */;
			buildSettings = {
				ASSETCATALOG_COMPILER_APPICON_NAME = AppIcon;
				ASSETCATALOG_COMPILER_GLOBAL_ACCENT_COLOR_NAME = AccentColor;
				CODE_SIGN_STYLE = Automatic;
				CURRENT_PROJECT_VERSION = 1;
				DEVELOPMENT_TEAM = Q6GN2Y59NL;
				GENERATE_INFOPLIST_FILE = YES;
				INFOPLIST_FILE = ExpenseViewer/Info.plist;
				INFOPLIST_KEY_UIApplicationSupportsIndirectInputEvents = YES;
				INFOPLIST_KEY_UILaunchStoryboardName = LaunchScreen;
				INFOPLIST_KEY_UIMainStoryboardFile = Main;
				INFOPLIST_KEY_UISupportedInterfaceOrientations_iPad = "UIInterfaceOrientationPortrait UIInterfaceOrientationPortraitUpsideDown UIInterfaceOrientationLandscapeLeft UIInterfaceOrientationLandscapeRight";
				INFOPLIST_KEY_UISupportedInterfaceOrientations_iPhone = "UIInterfaceOrientationPortrait UIInterfaceOrientationLandscapeLeft UIInterfaceOrientationLandscapeRight";
				LD_RUNPATH_SEARCH_PATHS = (
					"$(inherited)",
					"@executable_path/Frameworks",
				);
				MARKETING_VERSION = 1.0;
				PRODUCT_BUNDLE_IDENTIFIER = com.example.ExpenseViewer;
				PRODUCT_NAME = "$(TARGET_NAME)";
				SWIFT_EMIT_LOC_STRINGS = YES;
				SWIFT_VERSION = 5.0;
				TARGETED_DEVICE_FAMILY = "1,2";
			};
			name = Release;
		};
		8209F670295FFE220039620A /* Debug */ = {
			isa = XCBuildConfiguration;
			baseConfigurationReference = 4B212A961921C8BCA65276CD /* Pods-ExpenseViewerTests.debug.xcconfig */;
			buildSettings = {
				ALWAYS_EMBED_SWIFT_STANDARD_LIBRARIES = YES;
				BUNDLE_LOADER = "$(TEST_HOST)";
				CODE_SIGN_STYLE = Automatic;
				CURRENT_PROJECT_VERSION = 1;
				DEVELOPMENT_TEAM = Q6GN2Y59NL;
				GENERATE_INFOPLIST_FILE = YES;
				IPHONEOS_DEPLOYMENT_TARGET = 15.5;
				MARKETING_VERSION = 1.0;
				PRODUCT_BUNDLE_IDENTIFIER = com.example.ExpenseViewerTests;
				PRODUCT_NAME = "$(TARGET_NAME)";
				SWIFT_EMIT_LOC_STRINGS = NO;
				SWIFT_VERSION = 5.0;
				TARGETED_DEVICE_FAMILY = "1,2";
				TEST_HOST = "$(BUILT_PRODUCTS_DIR)/ExpenseViewer.app/ExpenseViewer";
			};
			name = Debug;
		};
		8209F671295FFE220039620A /* Release */ = {
			isa = XCBuildConfiguration;
			baseConfigurationReference = 9D8DFD69EA75DA1C8E6A880F /* Pods-ExpenseViewerTests.release.xcconfig */;
			buildSettings = {
				ALWAYS_EMBED_SWIFT_STANDARD_LIBRARIES = YES;
				BUNDLE_LOADER = "$(TEST_HOST)";
				CODE_SIGN_STYLE = Automatic;
				CURRENT_PROJECT_VERSION = 1;
				DEVELOPMENT_TEAM = Q6GN2Y59NL;
				GENERATE_INFOPLIST_FILE = YES;
				IPHONEOS_DEPLOYMENT_TARGET = 15.5;
				MARKETING_VERSION = 1.0;
				PRODUCT_BUNDLE_IDENTIFIER = com.example.ExpenseViewerTests;
				PRODUCT_NAME = "$(TARGET_NAME)";
				SWIFT_EMIT_LOC_STRINGS = NO;
				SWIFT_VERSION = 5.0;
				TARGETED_DEVICE_FAMILY = "1,2";
				TEST_HOST = "$(BUILT_PRODUCTS_DIR)/ExpenseViewer.app/ExpenseViewer";
			};
			name = Release;
		};
		8209F673295FFE220039620A /* Debug */ = {
			isa = XCBuildConfiguration;
			baseConfigurationReference = BFCDEDC677A03DCD7BCAEFC4 /* Pods-ExpenseViewer-ExpenseViewerUITests.debug.xcconfig */;
			buildSettings = {
				ALWAYS_EMBED_SWIFT_STANDARD_LIBRARIES = YES;
				CODE_SIGN_STYLE = Automatic;
				CURRENT_PROJECT_VERSION = 1;
				DEVELOPMENT_TEAM = Q6GN2Y59NL;
				GENERATE_INFOPLIST_FILE = YES;
				MARKETING_VERSION = 1.0;
				PRODUCT_BUNDLE_IDENTIFIER = com.example.ExpenseViewerUITests;
				PRODUCT_NAME = "$(TARGET_NAME)";
				SWIFT_EMIT_LOC_STRINGS = NO;
				SWIFT_VERSION = 5.0;
				TARGETED_DEVICE_FAMILY = "1,2";
				TEST_TARGET_NAME = ExpenseViewer;
			};
			name = Debug;
		};
		8209F674295FFE220039620A /* Release */ = {
			isa = XCBuildConfiguration;
			baseConfigurationReference = 407D20F825EAA1C354322AF1 /* Pods-ExpenseViewer-ExpenseViewerUITests.release.xcconfig */;
			buildSettings = {
				ALWAYS_EMBED_SWIFT_STANDARD_LIBRARIES = YES;
				CODE_SIGN_STYLE = Automatic;
				CURRENT_PROJECT_VERSION = 1;
				DEVELOPMENT_TEAM = Q6GN2Y59NL;
				GENERATE_INFOPLIST_FILE = YES;
				MARKETING_VERSION = 1.0;
				PRODUCT_BUNDLE_IDENTIFIER = com.example.ExpenseViewerUITests;
				PRODUCT_NAME = "$(TARGET_NAME)";
				SWIFT_EMIT_LOC_STRINGS = NO;
				SWIFT_VERSION = 5.0;
				TARGETED_DEVICE_FAMILY = "1,2";
				TEST_TARGET_NAME = ExpenseViewer;
			};
			name = Release;
		};
/* End XCBuildConfiguration section */

/* Begin XCConfigurationList section */
		8209F63D295FFE1F0039620A /* Build configuration list for PBXProject "ExpenseViewer" */ = {
			isa = XCConfigurationList;
			buildConfigurations = (
				8209F66A295FFE220039620A /* Debug */,
				8209F66B295FFE220039620A /* Release */,
			);
			defaultConfigurationIsVisible = 0;
			defaultConfigurationName = Release;
		};
		8209F66C295FFE220039620A /* Build configuration list for PBXNativeTarget "ExpenseViewer" */ = {
			isa = XCConfigurationList;
			buildConfigurations = (
				8209F66D295FFE220039620A /* Debug */,
				8209F66E295FFE220039620A /* Release */,
			);
			defaultConfigurationIsVisible = 0;
			defaultConfigurationName = Release;
		};
		8209F66F295FFE220039620A /* Build configuration list for PBXNativeTarget "ExpenseViewerTests" */ = {
			isa = XCConfigurationList;
			buildConfigurations = (
				8209F670295FFE220039620A /* Debug */,
				8209F671295FFE220039620A /* Release */,
			);
			defaultConfigurationIsVisible = 0;
			defaultConfigurationName = Release;
		};
		8209F672295FFE220039620A /* Build configuration list for PBXNativeTarget "ExpenseViewerUITests" */ = {
			isa = XCConfigurationList;
			buildConfigurations = (
				8209F673295FFE220039620A /* Debug */,
				8209F674295FFE220039620A /* Release */,
			);
			defaultConfigurationIsVisible = 0;
			defaultConfigurationName = Release;
		};
/* End XCConfigurationList section */
	};
	rootObject = 8209F63A295FFE1F0039620A /* Project object */;
}
